{
  "name": "broccoli-queue",
  "version": "0.1.0",
  "lockfileVersion": 3,
  "requires": true,
  "packages": {
    "": {
      "name": "broccoli-queue",
      "version": "0.1.0",
      "license": "MIT",
      "devDependencies": {
        "@noorm/broccolidb": "git+https://github.com/CardSorting/ABroccoliDB.git#f085f3f",
        "@types/node": "^22.20.4",
        "typescript": "^6.0.3"
      },
      "engines": {
        "node": ">=22.12.0"
      },
      "peerDependencies": {
        "@noorm/broccolidb": "^3.0.0"
      }
    },
    "node_modules/@noorm/broccolidb": {
      "version": "3.0.0",
      "resolved": "git+ssh://git@github.com/CardSorting/ABroccoliDB.git#f085f3f5dbceadc4cd6752b081ebfc51b02fe3f7",
      "dev": true,
      "license": "Apache-2.0",
      "engines": {
        "node": ">=18"
      }
    },
    "node_modules/@types/node": {
      "version": "22.20.4",
      "dev": true,
      "license": "MIT",
      "dependencies": {
        "undici-types": "~6.21.0"
      }
    },
    "node_modules/typescript": {
      "version": "6.0.3",
      "dev": true,
      "license": "Apache-2.0",
      "bin": {
        "tsc": "bin/tsc",
        "tsserver": "bin/tsserver"
      },
      "engines": {
        "node": ">=14.17"
      }
    },
    "node_modules/undici-types": {
      "version": "6.21.0",
      "dev": true,
      "license": "MIT"
    }
  }
}
